
Microsoft Visual Studio Solution File, Format Version 12.00
# Visual Studio Version 17
VisualStudioVersion = 17.4.33103.184
MinimumVisualStudioVersion = 10.0.40219.1
Project("{9A19103F-16F7-4668-BE54-9A1E7A4F7556}") = "PostmanCloneLibrary", "PostmanCloneLibrary\PostmanCloneLibrary.csproj", "{13DB0511-CC7A-4246-9815-A2F8C2641E31}"
EndProject
Project("{FAE04EC0-301F-11D3-BF4B-00C04F79EFBC}") = "PostmanCloneUI", "PostmanCloneUI\PostmanCloneUI.csproj", "{90E8CED9-7511-4772-972C-C8B6065DFCA7}"
EndProject
Global
	GlobalSection(SolutionConfigurationPlatforms) = preSolution
		Debug|Any CPU = Debug|Any CPU
		Release|Any CPU = Release|Any CPU
	EndGlobalSection
	GlobalSection(ProjectConfigurationPlatforms) = postSolution
		{13DB0511-CC7A-4246-9815-A2F8C2641E31}.Debug|Any CPU.ActiveCfg = Debug|Any CPU
		{13DB0511-CC7A-4246-9815-A2F8C2641E31}.Debug|Any CPU.Build.0 = Debug|Any CPU
		{13DB0511-CC7A-4246-9815-A2F8C2641E31}.Release|Any CPU.ActiveCfg = Release|Any CPU
		{13DB0511-CC7A-4246-9815-A2F8C2641E31}.Release|Any CPU.Build.0 = Release|Any CPU
		{90E8CED9-7511-4772-972C-C8B6065DFCA7}.Debug|Any CPU.ActiveCfg = Debug|Any CPU
		{90E8CED9-7511-4772-972C-C8B6065DFCA7}.Debug|Any CPU.Build.0 = Debug|Any CPU
		{90E8CED9-7511-4772-972C-C8B6065DFCA7}.Release|Any CPU.ActiveCfg = Release|Any CPU
		{90E8CED9-7511-4772-972C-C8B6065DFCA7}.Release|Any CPU.Build.0 = Release|Any CPU
	EndGlobalSection
	GlobalSection(SolutionProperties) = preSolution
		HideSolutionNode = FALSE
	EndGlobalSection
	GlobalSection(ExtensibilityGlobals) = postSolution
		SolutionGuid = {F2477EA9-7552-47E7-B880-4110DAB004B3}
	EndGlobalSection
EndGlobal
